// !$*UTF8*$!
{
	archiveVersion = 1;
	classes = {
	};
	objectVersion = 77;
	objects = {

/* Begin PBXBuildFile section */
		93010F802CB3C69800F9E22C /* ProfileManager.swift in Sources */ = {isa = PBXBuildFile; fileRef = 93010F7F2CB3C69800F9E22C /* ProfileManager.swift */; };
		93010F832CB3CF5100F9E22C /* AccountSummaryViewController.swift in Sources */ = {isa = PBXBuildFile; fileRef = 93010F822CB3CF5100F9E22C /* AccountSummaryViewController.swift */; };
		93010F852CB3D41E00F9E22C /* AccountSummaryHeaderView.swift in Sources */ = {isa = PBXBuildFile; fileRef = 93010F842CB3D41E00F9E22C /* AccountSummaryHeaderView.swift */; };
		93010F872CB3D45100F9E22C /* AccountSummaryHeaderView.xib in Resources */ = {isa = PBXBuildFile; fileRef = 93010F862CB3D45100F9E22C /* AccountSummaryHeaderView.xib */; };
		931A22712CB16D910060C88D /* AppDelegate.swift in Sources */ = {isa = PBXBuildFile; fileRef = 931A226A2CB16D910060C88D /* AppDelegate.swift */; };
		931A22732CB16D910060C88D /* Assets.xcassets in Resources */ = {isa = PBXBuildFile; fileRef = 931A226B2CB16D910060C88D /* Assets.xcassets */; };
		931A22752CB16D910060C88D /* LaunchScreen.storyboard in Resources */ = {isa = PBXBuildFile; fileRef = 931A226E2CB16D910060C88D /* LaunchScreen.storyboard */; };
		931A227E2CB2EDD90060C88D /* OnboardingContainerViewController.swift in Sources */ = {isa = PBXBuildFile; fileRef = 931A227D2CB2EDD90060C88D /* OnboardingContainerViewController.swift */; };
		931A22802CB30A990060C88D /* OnboardingViewController.swift in Sources */ = {isa = PBXBuildFile; fileRef = 931A227F2CB30A990060C88D /* OnboardingViewController.swift */; };
		931A22892CB32E3C0060C88D /* LocalState.swift in Sources */ = {isa = PBXBuildFile; fileRef = 931A22882CB32E3C0060C88D /* LocalState.swift */; };
		93565A712CB3BAA70097AA4E /* UIViewController+Utils.swift in Sources */ = {isa = PBXBuildFile; fileRef = 93565A702CB3BAA70097AA4E /* UIViewController+Utils.swift */; };
		93565A732CB3BC130097AA4E /* MainViewController.swift in Sources */ = {isa = PBXBuildFile; fileRef = 93565A722CB3BC130097AA4E /* MainViewController.swift */; };
		938B55C22CB3E774008E6C2E /* AccountSummaryCell.swift in Sources */ = {isa = PBXBuildFile; fileRef = 938B55C12CB3E774008E6C2E /* AccountSummaryCell.swift */; };
		938B55CB2CB40566008E6C2E /* CurrencyFormatter.swift in Sources */ = {isa = PBXBuildFile; fileRef = 938B55CA2CB40566008E6C2E /* CurrencyFormatter.swift */; };
		938B55CD2CB40D89008E6C2E /* Decimal+Utils.swift in Sources */ = {isa = PBXBuildFile; fileRef = 938B55CC2CB40D89008E6C2E /* Decimal+Utils.swift */; };
/* End PBXBuildFile section */

/* Begin PBXFileReference section */
		93010F7F2CB3C69800F9E22C /* ProfileManager.swift */ = {isa = PBXFileReference; lastKnownFileType = sourcecode.swift; path = ProfileManager.swift; sourceTree = "<group>"; };
		93010F822CB3CF5100F9E22C /* AccountSummaryViewController.swift */ = {isa = PBXFileReference; lastKnownFileType = sourcecode.swift; path = AccountSummaryViewController.swift; sourceTree = "<group>"; };
		93010F842CB3D41E00F9E22C /* AccountSummaryHeaderView.swift */ = {isa = PBXFileReference; lastKnownFileType = sourcecode.swift; path = AccountSummaryHeaderView.swift; sourceTree = "<group>"; };
		93010F862CB3D45100F9E22C /* AccountSummaryHeaderView.xib */ = {isa = PBXFileReference; lastKnownFileType = file.xib; path = AccountSummaryHeaderView.xib; sourceTree = "<group>"; };
		931A22512CB165FF0060C88D /* BankUp.app */ = {isa = PBXFileReference; explicitFileType = wrapper.application; includeInIndex = 0; path = BankUp.app; sourceTree = BUILT_PRODUCTS_DIR; };
		931A226A2CB16D910060C88D /* AppDelegate.swift */ = {isa = PBXFileReference; lastKnownFileType = sourcecode.swift; path = AppDelegate.swift; sourceTree = "<group>"; };
		931A226B2CB16D910060C88D /* Assets.xcassets */ = {isa = PBXFileReference; lastKnownFileType = folder.assetcatalog; path = Assets.xcassets; sourceTree = "<group>"; };
		931A226C2CB16D910060C88D /* Info.plist */ = {isa = PBXFileReference; lastKnownFileType = text.plist.xml; path = Info.plist; sourceTree = "<group>"; };
		931A226D2CB16D910060C88D /* Base */ = {isa = PBXFileReference; lastKnownFileType = file.storyboard; name = Base; path = Base.lproj/LaunchScreen.storyboard; sourceTree = "<group>"; };
		931A227D2CB2EDD90060C88D /* OnboardingContainerViewController.swift */ = {isa = PBXFileReference; lastKnownFileType = sourcecode.swift; path = OnboardingContainerViewController.swift; sourceTree = "<group>"; };
		931A227F2CB30A990060C88D /* OnboardingViewController.swift */ = {isa = PBXFileReference; lastKnownFileType = sourcecode.swift; path = OnboardingViewController.swift; sourceTree = "<group>"; };
		931A22882CB32E3C0060C88D /* LocalState.swift */ = {isa = PBXFileReference; lastKnownFileType = sourcecode.swift; path = LocalState.swift; sourceTree = "<group>"; };
		93565A702CB3BAA70097AA4E /* UIViewController+Utils.swift */ = {isa = PBXFileReference; lastKnownFileType = sourcecode.swift; path = "UIViewController+Utils.swift"; sourceTree = "<group>"; };
		93565A722CB3BC130097AA4E /* MainViewController.swift */ = {isa = PBXFileReference; lastKnownFileType = sourcecode.swift; path = MainViewController.swift; sourceTree = "<group>"; };
		938B55C12CB3E774008E6C2E /* AccountSummaryCell.swift */ = {isa = PBXFileReference; lastKnownFileType = sourcecode.swift; path = AccountSummaryCell.swift; sourceTree = "<group>"; };
		938B55CA2CB40566008E6C2E /* CurrencyFormatter.swift */ = {isa = PBXFileReference; lastKnownFileType = sourcecode.swift; path = CurrencyFormatter.swift; sourceTree = "<group>"; };
		938B55CC2CB40D89008E6C2E /* Decimal+Utils.swift */ = {isa = PBXFileReference; lastKnownFileType = sourcecode.swift; path = "Decimal+Utils.swift"; sourceTree = "<group>"; };
/* End PBXFileReference section */

/* Begin PBXFileSystemSynchronizedRootGroup section */
		931A22772CB16E190060C88D /* Login */ = {
			isa = PBXFileSystemSynchronizedRootGroup;
			path = Login;
			sourceTree = "<group>";
		};
/* End PBXFileSystemSynchronizedRootGroup section */

/* Begin PBXFrameworksBuildPhase section */
		931A224E2CB165FF0060C88D /* Frameworks */ = {
			isa = PBXFrameworksBuildPhase;
			buildActionMask = 2147483647;
			files = (
			);
			runOnlyForDeploymentPostprocessing = 0;
		};
/* End PBXFrameworksBuildPhase section */

/* Begin PBXGroup section */
		93010F7E2CB3C68700F9E22C /* Networking */ = {
			isa = PBXGroup;
			children = (
				93010F7F2CB3C69800F9E22C /* ProfileManager.swift */,
			);
			path = Networking;
			sourceTree = "<group>";
		};
		93010F812CB3CF2B00F9E22C /* AccountSummary */ = {
			isa = PBXGroup;
			children = (
				93010F822CB3CF5100F9E22C /* AccountSummaryViewController.swift */,
				938B55BF2CB3E739008E6C2E /* Header */,
				938B55C02CB3E74D008E6C2E /* Cells */,
			);
			path = AccountSummary;
			sourceTree = "<group>";
		};
		931A22482CB165FF0060C88D = {
			isa = PBXGroup;
			children = (
				931A22702CB16D910060C88D /* BankUp */,
				931A22522CB165FF0060C88D /* Products */,
			);
			sourceTree = "<group>";
		};
		931A22522CB165FF0060C88D /* Products */ = {
			isa = PBXGroup;
			children = (
				931A22512CB165FF0060C88D /* BankUp.app */,
			);
			name = Products;
			sourceTree = "<group>";
		};
		931A22702CB16D910060C88D /* BankUp */ = {
			isa = PBXGroup;
			children = (
				93010F7E2CB3C68700F9E22C /* Networking */,
				931A226A2CB16D910060C88D /* AppDelegate.swift */,
				931A22772CB16E190060C88D /* Login */,
				931A227C2CB2EDA40060C88D /* Onboarding */,
				93010F812CB3CF2B00F9E22C /* AccountSummary */,
				931A22872CB32E250060C88D /* Utils */,
				931A22762CB16D980060C88D /* Files */,
				93565A722CB3BC130097AA4E /* MainViewController.swift */,
			);
			path = BankUp;
			sourceTree = "<group>";
		};
		931A22762CB16D980060C88D /* Files */ = {
			isa = PBXGroup;
			children = (
				931A226B2CB16D910060C88D /* Assets.xcassets */,
				931A226C2CB16D910060C88D /* Info.plist */,
				931A226E2CB16D910060C88D /* LaunchScreen.storyboard */,
			);
			name = Files;
			sourceTree = "<group>";
		};
		931A227C2CB2EDA40060C88D /* Onboarding */ = {
			isa = PBXGroup;
			children = (
				931A227D2CB2EDD90060C88D /* OnboardingContainerViewController.swift */,
				931A227F2CB30A990060C88D /* OnboardingViewController.swift */,
			);
			path = Onboarding;
			sourceTree = "<group>";
		};
		931A22872CB32E250060C88D /* Utils */ = {
			isa = PBXGroup;
			children = (
				931A22882CB32E3C0060C88D /* LocalState.swift */,
				93565A702CB3BAA70097AA4E /* UIViewController+Utils.swift */,
				938B55CA2CB40566008E6C2E /* CurrencyFormatter.swift */,
				938B55CC2CB40D89008E6C2E /* Decimal+Utils.swift */,
			);
			path = Utils;
			sourceTree = "<group>";
		};
		938B55BF2CB3E739008E6C2E /* Header */ = {
			isa = PBXGroup;
			children = (
				93010F842CB3D41E00F9E22C /* AccountSummaryHeaderView.swift */,
				93010F862CB3D45100F9E22C /* AccountSummaryHeaderView.xib */,
			);
			path = Header;
			sourceTree = "<group>";
		};
		938B55C02CB3E74D008E6C2E /* Cells */ = {
			isa = PBXGroup;
			children = (
				938B55C12CB3E774008E6C2E /* AccountSummaryCell.swift */,
			);
			path = Cells;
			sourceTree = "<group>";
		};
/* End PBXGroup section */

/* Begin PBXNativeTarget section */
		931A22502CB165FF0060C88D /* BankUp */ = {
			isa = PBXNativeTarget;
			buildConfigurationList = 931A22642CB166010060C88D /* Build configuration list for PBXNativeTarget "BankUp" */;
			buildPhases = (
				931A224D2CB165FF0060C88D /* Sources */,
				931A224E2CB165FF0060C88D /* Frameworks */,
				931A224F2CB165FF0060C88D /* Resources */,
			);
			buildRules = (
			);
			dependencies = (
			);
			fileSystemSynchronizedGroups = (
				931A22772CB16E190060C88D /* Login */,
			);
			name = BankUp;
			packageProductDependencies = (
			);
			productName = BankUp;
			productReference = 931A22512CB165FF0060C88D /* BankUp.app */;
			productType = "com.apple.product-type.application";
		};
/* End PBXNativeTarget section */

/* Begin PBXProject section */
		931A22492CB165FF0060C88D /* Project object */ = {
			isa = PBXProject;
			attributes = {
				BuildIndependentTargetsInParallel = 1;
				LastSwiftUpdateCheck = 1600;
				LastUpgradeCheck = 1600;
				TargetAttributes = {
					931A22502CB165FF0060C88D = {
						CreatedOnToolsVersion = 16.0;
					};
				};
			};
			buildConfigurationList = 931A224C2CB165FF0060C88D /* Build configuration list for PBXProject "BankUp" */;
			developmentRegion = en;
			hasScannedForEncodings = 0;
			knownRegions = (
				en,
				Base,
			);
			mainGroup = 931A22482CB165FF0060C88D;
			minimizedProjectReferenceProxies = 1;
			preferredProjectObjectVersion = 77;
			productRefGroup = 931A22522CB165FF0060C88D /* Products */;
			projectDirPath = "";
			projectRoot = "";
			targets = (
				931A22502CB165FF0060C88D /* BankUp */,
			);
		};
/* End PBXProject section */

/* Begin PBXResourcesBuildPhase section */
		931A224F2CB165FF0060C88D /* Resources */ = {
			isa = PBXResourcesBuildPhase;
			buildActionMask = 2147483647;
			files = (
				93010F872CB3D45100F9E22C /* AccountSummaryHeaderView.xib in Resources */,
				931A22732CB16D910060C88D /* Assets.xcassets in Resources */,
				931A22752CB16D910060C88D /* LaunchScreen.storyboard in Resources */,
			);
			runOnlyForDeploymentPostprocessing = 0;
		};
/* End PBXResourcesBuildPhase section */

/* Begin PBXSourcesBuildPhase section */
		931A224D2CB165FF0060C88D /* Sources */ = {
			isa = PBXSourcesBuildPhase;
			buildActionMask = 2147483647;
			files = (
				93010F852CB3D41E00F9E22C /* AccountSummaryHeaderView.swift in Sources */,
				938B55C22CB3E774008E6C2E /* AccountSummaryCell.swift in Sources */,
				93565A712CB3BAA70097AA4E /* UIViewController+Utils.swift in Sources */,
				93010F802CB3C69800F9E22C /* ProfileManager.swift in Sources */,
				931A22892CB32E3C0060C88D /* LocalState.swift in Sources */,
				931A22712CB16D910060C88D /* AppDelegate.swift in Sources */,
				93565A732CB3BC130097AA4E /* MainViewController.swift in Sources */,
				93010F832CB3CF5100F9E22C /* AccountSummaryViewController.swift in Sources */,
				931A22802CB30A990060C88D /* OnboardingViewController.swift in Sources */,
				938B55CD2CB40D89008E6C2E /* Decimal+Utils.swift in Sources */,
				938B55CB2CB40566008E6C2E /* CurrencyFormatter.swift in Sources */,
				931A227E2CB2EDD90060C88D /* OnboardingContainerViewController.swift in Sources */,
			);
			runOnlyForDeploymentPostprocessing = 0;
		};
/* End PBXSourcesBuildPhase section */

/* Begin PBXVariantGroup section */
		931A226E2CB16D910060C88D /* LaunchScreen.storyboard */ = {
			isa = PBXVariantGroup;
			children = (
				931A226D2CB16D910060C88D /* Base */,
			);
			name = LaunchScreen.storyboard;
			sourceTree = "<group>";
		};
/* End PBXVariantGroup section */

/* Begin XCBuildConfiguration section */
		931A22652CB166010060C88D /* Debug */ = {
			isa = XCBuildConfiguration;
			buildSettings = {
				ASSETCATALOG_COMPILER_APPICON_NAME = AppIcon;
				ASSETCATALOG_COMPILER_GLOBAL_ACCENT_COLOR_NAME = AccentColor;
				CODE_SIGN_STYLE = Automatic;
				CURRENT_PROJECT_VERSION = 1;
				DEVELOPMENT_TEAM = 6FU8R5NY26;
				GENERATE_INFOPLIST_FILE = YES;
				INFOPLIST_FILE = BankUp/Info.plist;
				INFOPLIST_KEY_CFBundleDisplayName = BankUp;
				INFOPLIST_KEY_LSApplicationCategoryType = "public.app-category.business";
				INFOPLIST_KEY_UIApplicationSupportsIndirectInputEvents = YES;
				INFOPLIST_KEY_UILaunchStoryboardName = LaunchScreen;
				INFOPLIST_KEY_UISupportedInterfaceOrientations_iPad = "UIInterfaceOrientationPortrait UIInterfaceOrientationPortraitUpsideDown UIInterfaceOrientationLandscapeLeft UIInterfaceOrientationLandscapeRight";
				INFOPLIST_KEY_UISupportedInterfaceOrientations_iPhone = "UIInterfaceOrientationPortrait UIInterfaceOrientationLandscapeLeft UIInterfaceOrientationLandscapeRight";
				IPHONEOS_DEPLOYMENT_TARGET = 15.6;
				LD_RUNPATH_SEARCH_PATHS = (
					"$(inherited)",
					"@executable_path/Frameworks",
				);
				MARKETING_VERSION = 1.0;
				PRODUCT_BUNDLE_IDENTIFIER = dev.beyoglu.BankUp;
				PRODUCT_NAME = "$(TARGET_NAME)";
				SWIFT_EMIT_LOC_STRINGS = YES;
				SWIFT_VERSION = 5.0;
				TARGETED_DEVICE_FAMILY = "1,2";
			};
			name = Debug;
		};
		931A22662CB166010060C88D /* Release */ = {
			isa = XCBuildConfiguration;
			buildSettings = {
				ASSETCATALOG_COMPILER_APPICON_NAME = AppIcon;
				ASSETCATALOG_COMPILER_GLOBAL_ACCENT_COLOR_NAME = AccentColor;
				CODE_SIGN_STYLE = Automatic;
				CURRENT_PROJECT_VERSION = 1;
				DEVELOPMENT_TEAM = 6FU8R5NY26;
				GENERATE_INFOPLIST_FILE = YES;
				INFOPLIST_FILE = BankUp/Info.plist;
				INFOPLIST_KEY_CFBundleDisplayName = BankUp;
				INFOPLIST_KEY_LSApplicationCategoryType = "public.app-category.business";
				INFOPLIST_KEY_UIApplicationSupportsIndirectInputEvents = YES;
				INFOPLIST_KEY_UILaunchStoryboardName = LaunchScreen;
				INFOPLIST_KEY_UISupportedInterfaceOrientations_iPad = "UIInterfaceOrientationPortrait UIInterfaceOrientationPortraitUpsideDown UIInterfaceOrientationLandscapeLeft UIInterfaceOrientationLandscapeRight";
				INFOPLIST_KEY_UISupportedInterfaceOrientations_iPhone = "UIInterfaceOrientationPortrait UIInterfaceOrientationLandscapeLeft UIInterfaceOrientationLandscapeRight";
				IPHONEOS_DEPLOYMENT_TARGET = 15.6;
				LD_RUNPATH_SEARCH_PATHS = (
					"$(inherited)",
					"@executable_path/Frameworks",
				);
				MARKETING_VERSION = 1.0;
				PRODUCT_BUNDLE_IDENTIFIER = dev.beyoglu.BankUp;
				PRODUCT_NAME = "$(TARGET_NAME)";
				SWIFT_EMIT_LOC_STRINGS = YES;
				SWIFT_VERSION = 5.0;
				TARGETED_DEVICE_FAMILY = "1,2";
			};
			name = Release;
		};
		931A22672CB166010060C88D /* Debug */ = {
			isa = XCBuildConfiguration;
			buildSettings = {
				ALWAYS_SEARCH_USER_PATHS = NO;
				ASSETCATALOG_COMPILER_GENERATE_SWIFT_ASSET_SYMBOL_EXTENSIONS = YES;
				CLANG_ANALYZER_NONNULL = YES;
				CLANG_ANALYZER_NUMBER_OBJECT_CONVERSION = YES_AGGRESSIVE;
				CLANG_CXX_LANGUAGE_STANDARD = "gnu++20";
				CLANG_ENABLE_MODULES = YES;
				CLANG_ENABLE_OBJC_ARC = YES;
				CLANG_ENABLE_OBJC_WEAK = YES;
				CLANG_WARN_BLOCK_CAPTURE_AUTORELEASING = YES;
				CLANG_WARN_BOOL_CONVERSION = YES;
				CLANG_WARN_COMMA = YES;
				CLANG_WARN_CONSTANT_CONVERSION = YES;
				CLANG_WARN_DEPRECATED_OBJC_IMPLEMENTATIONS = YES;
				CLANG_WARN_DIRECT_OBJC_ISA_USAGE = YES_ERROR;
				CLANG_WARN_DOCUMENTATION_COMMENTS = YES;
				CLANG_WARN_EMPTY_BODY = YES;
				CLANG_WARN_ENUM_CONVERSION = YES;
				CLANG_WARN_INFINITE_RECURSION = YES;
				CLANG_WARN_INT_CONVERSION = YES;
				CLANG_WARN_NON_LITERAL_NULL_CONVERSION = YES;
				CLANG_WARN_OBJC_IMPLICIT_RETAIN_SELF = YES;
				CLANG_WARN_OBJC_LITERAL_CONVERSION = YES;
				CLANG_WARN_OBJC_ROOT_CLASS = YES_ERROR;
				CLANG_WARN_QUOTED_INCLUDE_IN_FRAMEWORK_HEADER = YES;
				CLANG_WARN_RANGE_LOOP_ANALYSIS = YES;
				CLANG_WARN_STRICT_PROTOTYPES = YES;
				CLANG_WARN_SUSPICIOUS_MOVE = YES;
				CLANG_WARN_UNGUARDED_AVAILABILITY = YES_AGGRESSIVE;
				CLANG_WARN_UNREACHABLE_CODE = YES;
				CLANG_WARN__DUPLICATE_METHOD_MATCH = YES;
				COPY_PHASE_STRIP = NO;
				DEBUG_INFORMATION_FORMAT = dwarf;
				ENABLE_STRICT_OBJC_MSGSEND = YES;
				ENABLE_TESTABILITY = YES;
				ENABLE_USER_SCRIPT_SANDBOXING = YES;
				GCC_C_LANGUAGE_STANDARD = gnu17;
				GCC_DYNAMIC_NO_PIC = NO;
				GCC_NO_COMMON_BLOCKS = YES;
				GCC_OPTIMIZATION_LEVEL = 0;
				GCC_PREPROCESSOR_DEFINITIONS = (
					"DEBUG=1",
					"$(inherited)",
				);
				GCC_WARN_64_TO_32_BIT_CONVERSION = YES;
				GCC_WARN_ABOUT_RETURN_TYPE = YES_ERROR;
				GCC_WARN_UNDECLARED_SELECTOR = YES;
				GCC_WARN_UNINITIALIZED_AUTOS = YES_AGGRESSIVE;
				GCC_WARN_UNUSED_FUNCTION = YES;
				GCC_WARN_UNUSED_VARIABLE = YES;
				IPHONEOS_DEPLOYMENT_TARGET = 18.0;
				LOCALIZATION_PREFERS_STRING_CATALOGS = YES;
				MTL_ENABLE_DEBUG_INFO = INCLUDE_SOURCE;
				MTL_FAST_MATH = YES;
				ONLY_ACTIVE_ARCH = YES;
				SDKROOT = iphoneos;
				SWIFT_ACTIVE_COMPILATION_CONDITIONS = "DEBUG $(inherited)";
				SWIFT_OPTIMIZATION_LEVEL = "-Onone";
			};
			name = Debug;
		};
		931A22682CB166010060C88D /* Release */ = {
			isa = XCBuildConfiguration;
			buildSettings = {
				ALWAYS_SEARCH_USER_PATHS = NO;
				ASSETCATALOG_COMPILER_GENERATE_SWIFT_ASSET_SYMBOL_EXTENSIONS = YES;
				CLANG_ANALYZER_NONNULL = YES;
				CLANG_ANALYZER_NUMBER_OBJECT_CONVERSION = YES_AGGRESSIVE;
				CLANG_CXX_LANGUAGE_STANDARD = "gnu++20";
				CLANG_ENABLE_MODULES = YES;
				CLANG_ENABLE_OBJC_ARC = YES;
				CLANG_ENABLE_OBJC_WEAK = YES;
				CLANG_WARN_BLOCK_CAPTURE_AUTORELEASING = YES;
				CLANG_WARN_BOOL_CONVERSION = YES;
				CLANG_WARN_COMMA = YES;
				CLANG_WARN_CONSTANT_CONVERSION = YES;
				CLANG_WARN_DEPRECATED_OBJC_IMPLEMENTATIONS = YES;
				CLANG_WARN_DIRECT_OBJC_ISA_USAGE = YES_ERROR;
				CLANG_WARN_DOCUMENTATION_COMMENTS = YES;
				CLANG_WARN_EMPTY_BODY = YES;
				CLANG_WARN_ENUM_CONVERSION = YES;
				CLANG_WARN_INFINITE_RECURSION = YES;
				CLANG_WARN_INT_CONVERSION = YES;
				CLANG_WARN_NON_LITERAL_NULL_CONVERSION = YES;
				CLANG_WARN_OBJC_IMPLICIT_RETAIN_SELF = YES;
				CLANG_WARN_OBJC_LITERAL_CONVERSION = YES;
				CLANG_WARN_OBJC_ROOT_CLASS = YES_ERROR;
				CLANG_WARN_QUOTED_INCLUDE_IN_FRAMEWORK_HEADER = YES;
				CLANG_WARN_RANGE_LOOP_ANALYSIS = YES;
				CLANG_WARN_STRICT_PROTOTYPES = YES;
				CLANG_WARN_SUSPICIOUS_MOVE = YES;
				CLANG_WARN_UNGUARDED_AVAILABILITY = YES_AGGRESSIVE;
				CLANG_WARN_UNREACHABLE_CODE = YES;
				CLANG_WARN__DUPLICATE_METHOD_MATCH = YES;
				COPY_PHASE_STRIP = NO;
				DEBUG_INFORMATION_FORMAT = "dwarf-with-dsym";
				ENABLE_NS_ASSERTIONS = NO;
				ENABLE_STRICT_OBJC_MSGSEND = YES;
				ENABLE_USER_SCRIPT_SANDBOXING = YES;
				GCC_C_LANGUAGE_STANDARD = gnu17;
				GCC_NO_COMMON_BLOCKS = YES;
				GCC_WARN_64_TO_32_BIT_CONVERSION = YES;
				GCC_WARN_ABOUT_RETURN_TYPE = YES_ERROR;
				GCC_WARN_UNDECLARED_SELECTOR = YES;
				GCC_WARN_UNINITIALIZED_AUTOS = YES_AGGRESSIVE;
				GCC_WARN_UNUSED_FUNCTION = YES;
				GCC_WARN_UNUSED_VARIABLE = YES;
				IPHONEOS_DEPLOYMENT_TARGET = 18.0;
				LOCALIZATION_PREFERS_STRING_CATALOGS = YES;
				MTL_ENABLE_DEBUG_INFO = NO;
				MTL_FAST_MATH = YES;
				SDKROOT = iphoneos;
				SWIFT_COMPILATION_MODE = wholemodule;
				VALIDATE_PRODUCT = YES;
			};
			name = Release;
		};
/* End XCBuildConfiguration section */

/* Begin XCConfigurationList section */
		931A224C2CB165FF0060C88D /* Build configuration list for PBXProject "BankUp" */ = {
			isa = XCConfigurationList;
			buildConfigurations = (
				931A22672CB166010060C88D /* Debug */,
				931A22682CB166010060C88D /* Release */,
			);
			defaultConfigurationIsVisible = 0;
			defaultConfigurationName = Release;
		};
		931A22642CB166010060C88D /* Build configuration list for PBXNativeTarget "BankUp" */ = {
			isa = XCConfigurationList;
			buildConfigurations = (
				931A22652CB166010060C88D /* Debug */,
				931A22662CB166010060C88D /* Release */,
			);
			defaultConfigurationIsVisible = 0;
			defaultConfigurationName = Release;
		};
/* End XCConfigurationList section */
	};
	rootObject = 931A22492CB165FF0060C88D /* Project object */;
}
